// !$*UTF8*$!
{
	archiveVersion = 1;
	classes = {
	};
	objectVersion = 56;
	objects = {

/* Begin PBXBuildFile section */
		2A1A25943C476CF9A2297E63 /* Pods_Coin.framework in Frameworks */ = {isa = PBXBuildFile; fileRef = 7BDA3700E4661D83B0BA1C60 /* Pods_Coin.framework */; };
		D6B003342AE5EDF5008F02A0 /* AppDelegate.swift in Sources */ = {isa = PBXBuildFile; fileRef = D6B003332AE5EDF5008F02A0 /* AppDelegate.swift */; };
		D6B003362AE5EDF5008F02A0 /* SceneDelegate.swift in Sources */ = {isa = PBXBuildFile; fileRef = D6B003352AE5EDF5008F02A0 /* SceneDelegate.swift */; };
		D6B0033D2AE5EDF7008F02A0 /* Assets.xcassets in Resources */ = {isa = PBXBuildFile; fileRef = D6B0033C2AE5EDF7008F02A0 /* Assets.xcassets */; };
		D6B003402AE5EDF7008F02A0 /* LaunchScreen.storyboard in Resources */ = {isa = PBXBuildFile; fileRef = D6B0033E2AE5EDF7008F02A0 /* LaunchScreen.storyboard */; };
		D6B0034C2AE5EE72008F02A0 /* CoinCell.swift in Sources */ = {isa = PBXBuildFile; fileRef = D6B0034A2AE5EE71008F02A0 /* CoinCell.swift */; };
		D6B0034D2AE5EE72008F02A0 /* CoinCell.xib in Resources */ = {isa = PBXBuildFile; fileRef = D6B0034B2AE5EE71008F02A0 /* CoinCell.xib */; };
		D6B003532AE5EF5B008F02A0 /* CoinsNetworking.swift in Sources */ = {isa = PBXBuildFile; fileRef = D6B003522AE5EF5B008F02A0 /* CoinsNetworking.swift */; };
		D6B003552AE5EF80008F02A0 /* CoinsAPI.swift in Sources */ = {isa = PBXBuildFile; fileRef = D6B003542AE5EF80008F02A0 /* CoinsAPI.swift */; };
		D6B003572AE5EFAF008F02A0 /* TargetType.swift in Sources */ = {isa = PBXBuildFile; fileRef = D6B003562AE5EFAF008F02A0 /* TargetType.swift */; };
		D6B003592AE5EFDA008F02A0 /* BaseAPI.swift in Sources */ = {isa = PBXBuildFile; fileRef = D6B003582AE5EFDA008F02A0 /* BaseAPI.swift */; };
		D6B0035C2AE5F00B008F02A0 /* CoinModel.swift in Sources */ = {isa = PBXBuildFile; fileRef = D6B0035B2AE5F00B008F02A0 /* CoinModel.swift */; };
		D6B0035E2AE5F051008F02A0 /* Displayable.swift in Sources */ = {isa = PBXBuildFile; fileRef = D6B0035D2AE5F051008F02A0 /* Displayable.swift */; };
		D6C6128B2AE5F6A200D35102 /* UIImageView+Ext.swift in Sources */ = {isa = PBXBuildFile; fileRef = D6C6128A2AE5F6A100D35102 /* UIImageView+Ext.swift */; };
		D6C612912AE5FC7200D35102 /* CoinPresenter.swift in Sources */ = {isa = PBXBuildFile; fileRef = D6C612902AE5FC7200D35102 /* CoinPresenter.swift */; };
		D6C612942AE601A700D35102 /* CoinMainViewController.swift in Sources */ = {isa = PBXBuildFile; fileRef = D6C612922AE601A700D35102 /* CoinMainViewController.swift */; };
		D6C612952AE601A700D35102 /* CoinMainViewController.xib in Resources */ = {isa = PBXBuildFile; fileRef = D6C612932AE601A700D35102 /* CoinMainViewController.xib */; };
		D6C612992AE604A700D35102 /* DetailViewController.swift in Sources */ = {isa = PBXBuildFile; fileRef = D6C612972AE604A700D35102 /* DetailViewController.swift */; };
		D6C6129A2AE604A700D35102 /* DetailViewController.xib in Resources */ = {isa = PBXBuildFile; fileRef = D6C612982AE604A700D35102 /* DetailViewController.xib */; };
/* End PBXBuildFile section */

/* Begin PBXFileReference section */
		012D11C47333E2226C2B56D2 /* Pods-Coin.release.xcconfig */ = {isa = PBXFileReference; includeInIndex = 1; lastKnownFileType = text.xcconfig; name = "Pods-Coin.release.xcconfig"; path = "Target Support Files/Pods-Coin/Pods-Coin.release.xcconfig"; sourceTree = "<group>"; };
		2D12093BD8A7428249C17039 /* Pods-Coin.debug.xcconfig */ = {isa = PBXFileReference; includeInIndex = 1; lastKnownFileType = text.xcconfig; name = "Pods-Coin.debug.xcconfig"; path = "Target Support Files/Pods-Coin/Pods-Coin.debug.xcconfig"; sourceTree = "<group>"; };
		7BDA3700E4661D83B0BA1C60 /* Pods_Coin.framework */ = {isa = PBXFileReference; explicitFileType = wrapper.framework; includeInIndex = 0; path = Pods_Coin.framework; sourceTree = BUILT_PRODUCTS_DIR; };
		D6B003302AE5EDF5008F02A0 /* Coin.app */ = {isa = PBXFileReference; explicitFileType = wrapper.application; includeInIndex = 0; path = Coin.app; sourceTree = BUILT_PRODUCTS_DIR; };
		D6B003332AE5EDF5008F02A0 /* AppDelegate.swift */ = {isa = PBXFileReference; lastKnownFileType = sourcecode.swift; path = AppDelegate.swift; sourceTree = "<group>"; };
		D6B003352AE5EDF5008F02A0 /* SceneDelegate.swift */ = {isa = PBXFileReference; lastKnownFileType = sourcecode.swift; path = SceneDelegate.swift; sourceTree = "<group>"; };
		D6B0033C2AE5EDF7008F02A0 /* Assets.xcassets */ = {isa = PBXFileReference; lastKnownFileType = folder.assetcatalog; path = Assets.xcassets; sourceTree = "<group>"; };
		D6B0033F2AE5EDF7008F02A0 /* Base */ = {isa = PBXFileReference; lastKnownFileType = file.storyboard; name = Base; path = Base.lproj/LaunchScreen.storyboard; sourceTree = "<group>"; };
		D6B003412AE5EDF7008F02A0 /* Info.plist */ = {isa = PBXFileReference; lastKnownFileType = text.plist.xml; path = Info.plist; sourceTree = "<group>"; };
		D6B0034A2AE5EE71008F02A0 /* CoinCell.swift */ = {isa = PBXFileReference; lastKnownFileType = sourcecode.swift; path = CoinCell.swift; sourceTree = "<group>"; };
		D6B0034B2AE5EE71008F02A0 /* CoinCell.xib */ = {isa = PBXFileReference; lastKnownFileType = file.xib; path = CoinCell.xib; sourceTree = "<group>"; };
		D6B003522AE5EF5B008F02A0 /* CoinsNetworking.swift */ = {isa = PBXFileReference; lastKnownFileType = sourcecode.swift; path = CoinsNetworking.swift; sourceTree = "<group>"; };
		D6B003542AE5EF80008F02A0 /* CoinsAPI.swift */ = {isa = PBXFileReference; lastKnownFileType = sourcecode.swift; path = CoinsAPI.swift; sourceTree = "<group>"; };
		D6B003562AE5EFAF008F02A0 /* TargetType.swift */ = {isa = PBXFileReference; lastKnownFileType = sourcecode.swift; path = TargetType.swift; sourceTree = "<group>"; };
		D6B003582AE5EFDA008F02A0 /* BaseAPI.swift */ = {isa = PBXFileReference; lastKnownFileType = sourcecode.swift; path = BaseAPI.swift; sourceTree = "<group>"; };
		D6B0035B2AE5F00B008F02A0 /* CoinModel.swift */ = {isa = PBXFileReference; lastKnownFileType = sourcecode.swift; path = CoinModel.swift; sourceTree = "<group>"; };
		D6B0035D2AE5F051008F02A0 /* Displayable.swift */ = {isa = PBXFileReference; lastKnownFileType = sourcecode.swift; path = Displayable.swift; sourceTree = "<group>"; };
		D6C6128A2AE5F6A100D35102 /* UIImageView+Ext.swift */ = {isa = PBXFileReference; lastKnownFileType = sourcecode.swift; path = "UIImageView+Ext.swift"; sourceTree = "<group>"; };
		D6C612902AE5FC7200D35102 /* CoinPresenter.swift */ = {isa = PBXFileReference; lastKnownFileType = sourcecode.swift; path = CoinPresenter.swift; sourceTree = "<group>"; };
		D6C612922AE601A700D35102 /* CoinMainViewController.swift */ = {isa = PBXFileReference; lastKnownFileType = sourcecode.swift; path = CoinMainViewController.swift; sourceTree = "<group>"; };
		D6C612932AE601A700D35102 /* CoinMainViewController.xib */ = {isa = PBXFileReference; lastKnownFileType = file.xib; path = CoinMainViewController.xib; sourceTree = "<group>"; };
		D6C612972AE604A700D35102 /* DetailViewController.swift */ = {isa = PBXFileReference; lastKnownFileType = sourcecode.swift; path = DetailViewController.swift; sourceTree = "<group>"; };
		D6C612982AE604A700D35102 /* DetailViewController.xib */ = {isa = PBXFileReference; lastKnownFileType = file.xib; path = DetailViewController.xib; sourceTree = "<group>"; };
/* End PBXFileReference section */

/* Begin PBXFrameworksBuildPhase section */
		D6B0032D2AE5EDF5008F02A0 /* Frameworks */ = {
			isa = PBXFrameworksBuildPhase;
			buildActionMask = 2147483647;
			files = (
				2A1A25943C476CF9A2297E63 /* Pods_Coin.framework in Frameworks */,
			);
			runOnlyForDeploymentPostprocessing = 0;
		};
/* End PBXFrameworksBuildPhase section */

/* Begin PBXGroup section */
		6D8808EA1B0821DAE6F0CFFF /* Frameworks */ = {
			isa = PBXGroup;
			children = (
				7BDA3700E4661D83B0BA1C60 /* Pods_Coin.framework */,
			);
			name = Frameworks;
			sourceTree = "<group>";
		};
		C861CEB57D7E16D44F54B6D3 /* Pods */ = {
			isa = PBXGroup;
			children = (
				2D12093BD8A7428249C17039 /* Pods-Coin.debug.xcconfig */,
				012D11C47333E2226C2B56D2 /* Pods-Coin.release.xcconfig */,
			);
			path = Pods;
			sourceTree = "<group>";
		};
		D6B003272AE5EDF5008F02A0 = {
			isa = PBXGroup;
			children = (
				D6B003322AE5EDF5008F02A0 /* Coin */,
				D6B003312AE5EDF5008F02A0 /* Products */,
				C861CEB57D7E16D44F54B6D3 /* Pods */,
				6D8808EA1B0821DAE6F0CFFF /* Frameworks */,
			);
			sourceTree = "<group>";
		};
		D6B003312AE5EDF5008F02A0 /* Products */ = {
			isa = PBXGroup;
			children = (
				D6B003302AE5EDF5008F02A0 /* Coin.app */,
			);
			name = Products;
			sourceTree = "<group>";
		};
		D6B003322AE5EDF5008F02A0 /* Coin */ = {
			isa = PBXGroup;
			children = (
				D6B003412AE5EDF7008F02A0 /* Info.plist */,
				D6C612892AE5F68F00D35102 /* Extensions */,
				D6C6128C2AE5FC2C00D35102 /* Controllers */,
				D6B0035A2AE5EFFF008F02A0 /* Models */,
				D6B0034E2AE5EEEE008F02A0 /* Networking */,
				D6B003492AE5EE52008F02A0 /* Cells */,
				D6C612962AE602A700D35102 /* Resources */,
				D6B0033C2AE5EDF7008F02A0 /* Assets.xcassets */,
			);
			path = Coin;
			sourceTree = "<group>";
		};
		D6B003492AE5EE52008F02A0 /* Cells */ = {
			isa = PBXGroup;
			children = (
				D6B0034A2AE5EE71008F02A0 /* CoinCell.swift */,
				D6B0034B2AE5EE71008F02A0 /* CoinCell.xib */,
			);
			path = Cells;
			sourceTree = "<group>";
		};
		D6B0034E2AE5EEEE008F02A0 /* Networking */ = {
			isa = PBXGroup;
			children = (
				D6B003512AE5EF2E008F02A0 /* Base */,
				D6B0034F2AE5EF1C008F02A0 /* Coins */,
			);
			path = Networking;
			sourceTree = "<group>";
		};
		D6B0034F2AE5EF1C008F02A0 /* Coins */ = {
			isa = PBXGroup;
			children = (
				D6B003522AE5EF5B008F02A0 /* CoinsNetworking.swift */,
				D6B003542AE5EF80008F02A0 /* CoinsAPI.swift */,
			);
			path = Coins;
			sourceTree = "<group>";
		};
		D6B003512AE5EF2E008F02A0 /* Base */ = {
			isa = PBXGroup;
			children = (
				D6B003562AE5EFAF008F02A0 /* TargetType.swift */,
				D6B003582AE5EFDA008F02A0 /* BaseAPI.swift */,
			);
			path = Base;
			sourceTree = "<group>";
		};
		D6B0035A2AE5EFFF008F02A0 /* Models */ = {
			isa = PBXGroup;
			children = (
				D6B0035B2AE5F00B008F02A0 /* CoinModel.swift */,
				D6B0035D2AE5F051008F02A0 /* Displayable.swift */,
			);
			path = Models;
			sourceTree = "<group>";
		};
		D6C612892AE5F68F00D35102 /* Extensions */ = {
			isa = PBXGroup;
			children = (
				D6C6128A2AE5F6A100D35102 /* UIImageView+Ext.swift */,
			);
			path = Extensions;
			sourceTree = "<group>";
		};
		D6C6128C2AE5FC2C00D35102 /* Controllers */ = {
			isa = PBXGroup;
			children = (
				D6C6128D2AE5FC3400D35102 /* Scenes */,
			);
			path = Controllers;
			sourceTree = "<group>";
		};
		D6C6128D2AE5FC3400D35102 /* Scenes */ = {
			isa = PBXGroup;
			children = (
				D6C612922AE601A700D35102 /* CoinMainViewController.swift */,
				D6C612932AE601A700D35102 /* CoinMainViewController.xib */,
				D6C612902AE5FC7200D35102 /* CoinPresenter.swift */,
				D6C612972AE604A700D35102 /* DetailViewController.swift */,
				D6C612982AE604A700D35102 /* DetailViewController.xib */,
			);
			path = Scenes;
			sourceTree = "<group>";
		};
		D6C612962AE602A700D35102 /* Resources */ = {
			isa = PBXGroup;
			children = (
				D6B0033E2AE5EDF7008F02A0 /* LaunchScreen.storyboard */,
				D6B003332AE5EDF5008F02A0 /* AppDelegate.swift */,
				D6B003352AE5EDF5008F02A0 /* SceneDelegate.swift */,
			);
			path = Resources;
			sourceTree = "<group>";
		};
/* End PBXGroup section */

/* Begin PBXNativeTarget section */
		D6B0032F2AE5EDF5008F02A0 /* Coin */ = {
			isa = PBXNativeTarget;
			buildConfigurationList = D6B003442AE5EDF7008F02A0 /* Build configuration list for PBXNativeTarget "Coin" */;
			buildPhases = (
				7B705265F7FC4DC83EA6B02C /* [CP] Check Pods Manifest.lock */,
				D6B0032C2AE5EDF5008F02A0 /* Sources */,
				D6B0032D2AE5EDF5008F02A0 /* Frameworks */,
				D6B0032E2AE5EDF5008F02A0 /* Resources */,
				6A7D84AB5F18F2B48E7FB685 /* [CP] Embed Pods Frameworks */,
			);
			buildRules = (
			);
			dependencies = (
			);
			name = Coin;
			productName = Coin;
			productReference = D6B003302AE5EDF5008F02A0 /* Coin.app */;
			productType = "com.apple.product-type.application";
		};
/* End PBXNativeTarget section */

/* Begin PBXProject section */
		D6B003282AE5EDF5008F02A0 /* Project object */ = {
			isa = PBXProject;
			attributes = {
				BuildIndependentTargetsInParallel = 1;
				LastSwiftUpdateCheck = 1430;
				LastUpgradeCheck = 1430;
				TargetAttributes = {
					D6B0032F2AE5EDF5008F02A0 = {
						CreatedOnToolsVersion = 14.3.1;
					};
				};
			};
			buildConfigurationList = D6B0032B2AE5EDF5008F02A0 /* Build configuration list for PBXProject "Coin" */;
			compatibilityVersion = "Xcode 14.0";
			developmentRegion = en;
			hasScannedForEncodings = 0;
			knownRegions = (
				en,
				Base,
			);
			mainGroup = D6B003272AE5EDF5008F02A0;
			productRefGroup = D6B003312AE5EDF5008F02A0 /* Products */;
			projectDirPath = "";
			projectRoot = "";
			targets = (
				D6B0032F2AE5EDF5008F02A0 /* Coin */,
			);
		};
/* End PBXProject section */

/* Begin PBXResourcesBuildPhase section */
		D6B0032E2AE5EDF5008F02A0 /* Resources */ = {
			isa = PBXResourcesBuildPhase;
			buildActionMask = 2147483647;
			files = (
				D6B003402AE5EDF7008F02A0 /* LaunchScreen.storyboard in Resources */,
				D6B0033D2AE5EDF7008F02A0 /* Assets.xcassets in Resources */,
				D6C6129A2AE604A700D35102 /* DetailViewController.xib in Resources */,
				D6B0034D2AE5EE72008F02A0 /* CoinCell.xib in Resources */,
				D6C612952AE601A700D35102 /* CoinMainViewController.xib in Resources */,
			);
			runOnlyForDeploymentPostprocessing = 0;
		};
/* End PBXResourcesBuildPhase section */

/* Begin PBXShellScriptBuildPhase section */
		6A7D84AB5F18F2B48E7FB685 /* [CP] Embed Pods Frameworks */ = {
			isa = PBXShellScriptBuildPhase;
			buildActionMask = 2147483647;
			files = (
			);
			inputFileListPaths = (
				"${PODS_ROOT}/Target Support Files/Pods-Coin/Pods-Coin-frameworks-${CONFIGURATION}-input-files.xcfilelist",
			);
			name = "[CP] Embed Pods Frameworks";
			outputFileListPaths = (
				"${PODS_ROOT}/Target Support Files/Pods-Coin/Pods-Coin-frameworks-${CONFIGURATION}-output-files.xcfilelist",
			);
			runOnlyForDeploymentPostprocessing = 0;
			shellPath = /bin/sh;
			shellScript = "\"${PODS_ROOT}/Target Support Files/Pods-Coin/Pods-Coin-frameworks.sh\"\n";
			showEnvVarsInLog = 0;
		};
		7B705265F7FC4DC83EA6B02C /* [CP] Check Pods Manifest.lock */ = {
			isa = PBXShellScriptBuildPhase;
			buildActionMask = 2147483647;
			files = (
			);
			inputFileListPaths = (
			);
			inputPaths = (
				"${PODS_PODFILE_DIR_PATH}/Podfile.lock",
				"${PODS_ROOT}/Manifest.lock",
			);
			name = "[CP] Check Pods Manifest.lock";
			outputFileListPaths = (
			);
			outputPaths = (
				"$(DERIVED_FILE_DIR)/Pods-Coin-checkManifestLockResult.txt",
			);
			runOnlyForDeploymentPostprocessing = 0;
			shellPath = /bin/sh;
			shellScript = "diff \"${PODS_PODFILE_DIR_PATH}/Podfile.lock\" \"${PODS_ROOT}/Manifest.lock\" > /dev/null\nif [ $? != 0 ] ; then\n    # print error to STDERR\n    echo \"error: The sandbox is not in sync with the Podfile.lock. Run 'pod install' or update your CocoaPods installation.\" >&2\n    exit 1\nfi\n# This output is used by Xcode 'outputs' to avoid re-running this script phase.\necho \"SUCCESS\" > \"${SCRIPT_OUTPUT_FILE_0}\"\n";
			showEnvVarsInLog = 0;
		};
/* End PBXShellScriptBuildPhase section */

/* Begin PBXSourcesBuildPhase section */
		D6B0032C2AE5EDF5008F02A0 /* Sources */ = {
			isa = PBXSourcesBuildPhase;
			buildActionMask = 2147483647;
			files = (
				D6C612992AE604A700D35102 /* DetailViewController.swift in Sources */,
				D6C612912AE5FC7200D35102 /* CoinPresenter.swift in Sources */,
				D6C6128B2AE5F6A200D35102 /* UIImageView+Ext.swift in Sources */,
				D6B003532AE5EF5B008F02A0 /* CoinsNetworking.swift in Sources */,
				D6B003552AE5EF80008F02A0 /* CoinsAPI.swift in Sources */,
				D6B003342AE5EDF5008F02A0 /* AppDelegate.swift in Sources */,
				D6B0034C2AE5EE72008F02A0 /* CoinCell.swift in Sources */,
				D6B003592AE5EFDA008F02A0 /* BaseAPI.swift in Sources */,
				D6B003362AE5EDF5008F02A0 /* SceneDelegate.swift in Sources */,
				D6B0035C2AE5F00B008F02A0 /* CoinModel.swift in Sources */,
				D6C612942AE601A700D35102 /* CoinMainViewController.swift in Sources */,
				D6B0035E2AE5F051008F02A0 /* Displayable.swift in Sources */,
				D6B003572AE5EFAF008F02A0 /* TargetType.swift in Sources */,
			);
			runOnlyForDeploymentPostprocessing = 0;
		};
/* End PBXSourcesBuildPhase section */

/* Begin PBXVariantGroup section */
		D6B0033E2AE5EDF7008F02A0 /* LaunchScreen.storyboard */ = {
			isa = PBXVariantGroup;
			children = (
				D6B0033F2AE5EDF7008F02A0 /* Base */,
			);
			name = LaunchScreen.storyboard;
			sourceTree = "<group>";
		};
/* End PBXVariantGroup section */

/* Begin XCBuildConfiguration section */
		D6B003422AE5EDF7008F02A0 /* Debug */ = {
			isa = XCBuildConfiguration;
			buildSettings = {
				ALWAYS_SEARCH_USER_PATHS = NO;
				CLANG_ANALYZER_NONNULL = YES;
				CLANG_ANALYZER_NUMBER_OBJECT_CONVERSION = YES_AGGRESSIVE;
				CLANG_CXX_LANGUAGE_STANDARD = "gnu++20";
				CLANG_ENABLE_MODULES = YES;
				CLANG_ENABLE_OBJC_ARC = YES;
				CLANG_ENABLE_OBJC_WEAK = YES;
				CLANG_WARN_BLOCK_CAPTURE_AUTORELEASING = YES;
				CLANG_WARN_BOOL_CONVERSION = YES;
				CLANG_WARN_COMMA = YES;
				CLANG_WARN_CONSTANT_CONVERSION = YES;
				CLANG_WARN_DEPRECATED_OBJC_IMPLEMENTATIONS = YES;
				CLANG_WARN_DIRECT_OBJC_ISA_USAGE = YES_ERROR;
				CLANG_WARN_DOCUMENTATION_COMMENTS = YES;
				CLANG_WARN_EMPTY_BODY = YES;
				CLANG_WARN_ENUM_CONVERSION = YES;
				CLANG_WARN_INFINITE_RECURSION = YES;
				CLANG_WARN_INT_CONVERSION = YES;
				CLANG_WARN_NON_LITERAL_NULL_CONVERSION = YES;
				CLANG_WARN_OBJC_IMPLICIT_RETAIN_SELF = YES;
				CLANG_WARN_OBJC_LITERAL_CONVERSION = YES;
				CLANG_WARN_OBJC_ROOT_CLASS = YES_ERROR;
				CLANG_WARN_QUOTED_INCLUDE_IN_FRAMEWORK_HEADER = YES;
				CLANG_WARN_RANGE_LOOP_ANALYSIS = YES;
				CLANG_WARN_STRICT_PROTOTYPES = YES;
				CLANG_WARN_SUSPICIOUS_MOVE = YES;
				CLANG_WARN_UNGUARDED_AVAILABILITY = YES_AGGRESSIVE;
				CLANG_WARN_UNREACHABLE_CODE = YES;
				CLANG_WARN__DUPLICATE_METHOD_MATCH = YES;
				COPY_PHASE_STRIP = NO;
				DEBUG_INFORMATION_FORMAT = dwarf;
				ENABLE_STRICT_OBJC_MSGSEND = YES;
				ENABLE_TESTABILITY = YES;
				GCC_C_LANGUAGE_STANDARD = gnu11;
				GCC_DYNAMIC_NO_PIC = NO;
				GCC_NO_COMMON_BLOCKS = YES;
				GCC_OPTIMIZATION_LEVEL = 0;
				GCC_PREPROCESSOR_DEFINITIONS = (
					"DEBUG=1",
					"$(inherited)",
				);
				GCC_WARN_64_TO_32_BIT_CONVERSION = YES;
				GCC_WARN_ABOUT_RETURN_TYPE = YES_ERROR;
				GCC_WARN_UNDECLARED_SELECTOR = YES;
				GCC_WARN_UNINITIALIZED_AUTOS = YES_AGGRESSIVE;
				GCC_WARN_UNUSED_FUNCTION = YES;
				GCC_WARN_UNUSED_VARIABLE = YES;
				IPHONEOS_DEPLOYMENT_TARGET = 16.4;
				MTL_ENABLE_DEBUG_INFO = INCLUDE_SOURCE;
				MTL_FAST_MATH = YES;
				ONLY_ACTIVE_ARCH = YES;
				SDKROOT = iphoneos;
				SWIFT_ACTIVE_COMPILATION_CONDITIONS = DEBUG;
				SWIFT_OPTIMIZATION_LEVEL = "-Onone";
			};
			name = Debug;
		};
		D6B003432AE5EDF7008F02A0 /* Release */ = {
			isa = XCBuildConfiguration;
			buildSettings = {
				ALWAYS_SEARCH_USER_PATHS = NO;
				CLANG_ANALYZER_NONNULL = YES;
				CLANG_ANALYZER_NUMBER_OBJECT_CONVERSION = YES_AGGRESSIVE;
				CLANG_CXX_LANGUAGE_STANDARD = "gnu++20";
				CLANG_ENABLE_MODULES = YES;
				CLANG_ENABLE_OBJC_ARC = YES;
				CLANG_ENABLE_OBJC_WEAK = YES;
				CLANG_WARN_BLOCK_CAPTURE_AUTORELEASING = YES;
				CLANG_WARN_BOOL_CONVERSION = YES;
				CLANG_WARN_COMMA = YES;
				CLANG_WARN_CONSTANT_CONVERSION = YES;
				CLANG_WARN_DEPRECATED_OBJC_IMPLEMENTATIONS = YES;
				CLANG_WARN_DIRECT_OBJC_ISA_USAGE = YES_ERROR;
				CLANG_WARN_DOCUMENTATION_COMMENTS = YES;
				CLANG_WARN_EMPTY_BODY = YES;
				CLANG_WARN_ENUM_CONVERSION = YES;
				CLANG_WARN_INFINITE_RECURSION = YES;
				CLANG_WARN_INT_CONVERSION = YES;
				CLANG_WARN_NON_LITERAL_NULL_CONVERSION = YES;
				CLANG_WARN_OBJC_IMPLICIT_RETAIN_SELF = YES;
				CLANG_WARN_OBJC_LITERAL_CONVERSION = YES;
				CLANG_WARN_OBJC_ROOT_CLASS = YES_ERROR;
				CLANG_WARN_QUOTED_INCLUDE_IN_FRAMEWORK_HEADER = YES;
				CLANG_WARN_RANGE_LOOP_ANALYSIS = YES;
				CLANG_WARN_STRICT_PROTOTYPES = YES;
				CLANG_WARN_SUSPICIOUS_MOVE = YES;
				CLANG_WARN_UNGUARDED_AVAILABILITY = YES_AGGRESSIVE;
				CLANG_WARN_UNREACHABLE_CODE = YES;
				CLANG_WARN__DUPLICATE_METHOD_MATCH = YES;
				COPY_PHASE_STRIP = NO;
				DEBUG_INFORMATION_FORMAT = "dwarf-with-dsym";
				ENABLE_NS_ASSERTIONS = NO;
				ENABLE_STRICT_OBJC_MSGSEND = YES;
				GCC_C_LANGUAGE_STANDARD = gnu11;
				GCC_NO_COMMON_BLOCKS = YES;
				GCC_WARN_64_TO_32_BIT_CONVERSION = YES;
				GCC_WARN_ABOUT_RETURN_TYPE = YES_ERROR;
				GCC_WARN_UNDECLARED_SELECTOR = YES;
				GCC_WARN_UNINITIALIZED_AUTOS = YES_AGGRESSIVE;
				GCC_WARN_UNUSED_FUNCTION = YES;
				GCC_WARN_UNUSED_VARIABLE = YES;
				IPHONEOS_DEPLOYMENT_TARGET = 16.4;
				MTL_ENABLE_DEBUG_INFO = NO;
				MTL_FAST_MATH = YES;
				SDKROOT = iphoneos;
				SWIFT_COMPILATION_MODE = wholemodule;
				SWIFT_OPTIMIZATION_LEVEL = "-O";
				VALIDATE_PRODUCT = YES;
			};
			name = Release;
		};
		D6B003452AE5EDF7008F02A0 /* Debug */ = {
			isa = XCBuildConfiguration;
			baseConfigurationReference = 2D12093BD8A7428249C17039 /* Pods-Coin.debug.xcconfig */;
			buildSettings = {
				ASSETCATALOG_COMPILER_APPICON_NAME = AppIcon;
				ASSETCATALOG_COMPILER_GLOBAL_ACCENT_COLOR_NAME = AccentColor;
				CODE_SIGN_STYLE = Automatic;
				CURRENT_PROJECT_VERSION = 1;
				DEVELOPMENT_TEAM = Z9VC2L39AT;
				GENERATE_INFOPLIST_FILE = YES;
				INFOPLIST_FILE = Coin/Info.plist;
				INFOPLIST_KEY_UIApplicationSupportsIndirectInputEvents = YES;
				INFOPLIST_KEY_UILaunchStoryboardName = LaunchScreen;
				INFOPLIST_KEY_UISupportedInterfaceOrientations_iPad = "UIInterfaceOrientationPortrait UIInterfaceOrientationPortraitUpsideDown UIInterfaceOrientationLandscapeLeft UIInterfaceOrientationLandscapeRight";
				INFOPLIST_KEY_UISupportedInterfaceOrientations_iPhone = "UIInterfaceOrientationPortrait UIInterfaceOrientationLandscapeLeft UIInterfaceOrientationLandscapeRight";
				LD_RUNPATH_SEARCH_PATHS = (
					"$(inherited)",
					"@executable_path/Frameworks",
				);
				MARKETING_VERSION = 1.0;
				PRODUCT_BUNDLE_IDENTIFIER = co.thenasserr.Coin;
				PRODUCT_NAME = "$(TARGET_NAME)";
				SWIFT_EMIT_LOC_STRINGS = YES;
				SWIFT_VERSION = 5.0;
				TARGETED_DEVICE_FAMILY = "1,2";
			};
			name = Debug;
		};
		D6B003462AE5EDF7008F02A0 /* Release */ = {
			isa = XCBuildConfiguration;
			baseConfigurationReference = 012D11C47333E2226C2B56D2 /* Pods-Coin.release.xcconfig */;
			buildSettings = {
				ASSETCATALOG_COMPILER_APPICON_NAME = AppIcon;
				ASSETCATALOG_COMPILER_GLOBAL_ACCENT_COLOR_NAME = AccentColor;
				CODE_SIGN_STYLE = Automatic;
				CURRENT_PROJECT_VERSION = 1;
				DEVELOPMENT_TEAM = Z9VC2L39AT;
				GENERATE_INFOPLIST_FILE = YES;
				INFOPLIST_FILE = Coin/Info.plist;
				INFOPLIST_KEY_UIApplicationSupportsIndirectInputEvents = YES;
				INFOPLIST_KEY_UILaunchStoryboardName = LaunchScreen;
				INFOPLIST_KEY_UISupportedInterfaceOrientations_iPad = "UIInterfaceOrientationPortrait UIInterfaceOrientationPortraitUpsideDown UIInterfaceOrientationLandscapeLeft UIInterfaceOrientationLandscapeRight";
				INFOPLIST_KEY_UISupportedInterfaceOrientations_iPhone = "UIInterfaceOrientationPortrait UIInterfaceOrientationLandscapeLeft UIInterfaceOrientationLandscapeRight";
				LD_RUNPATH_SEARCH_PATHS = (
					"$(inherited)",
					"@executable_path/Frameworks",
				);
				MARKETING_VERSION = 1.0;
				PRODUCT_BUNDLE_IDENTIFIER = co.thenasserr.Coin;
				PRODUCT_NAME = "$(TARGET_NAME)";
				SWIFT_EMIT_LOC_STRINGS = YES;
				SWIFT_VERSION = 5.0;
				TARGETED_DEVICE_FAMILY = "1,2";
			};
			name = Release;
		};
/* End XCBuildConfiguration section */

/* Begin XCConfigurationList section */
		D6B0032B2AE5EDF5008F02A0 /* Build configuration list for PBXProject "Coin" */ = {
			isa = XCConfigurationList;
			buildConfigurations = (
				D6B003422AE5EDF7008F02A0 /* Debug */,
				D6B003432AE5EDF7008F02A0 /* Release */,
			);
			defaultConfigurationIsVisible = 0;
			defaultConfigurationName = Release;
		};
		D6B003442AE5EDF7008F02A0 /* Build configuration list for PBXNativeTarget "Coin" */ = {
			isa = XCConfigurationList;
			buildConfigurations = (
				D6B003452AE5EDF7008F02A0 /* Debug */,
				D6B003462AE5EDF7008F02A0 /* Release */,
			);
			defaultConfigurationIsVisible = 0;
			defaultConfigurationName = Release;
		};
/* End XCConfigurationList section */
	};
	rootObject = D6B003282AE5EDF5008F02A0 /* Project object */;
}
